
Microsoft Visual Studio Solution File, Format Version 12.00
# Visual Studio 15
VisualStudioVersion = 15.0.28010.2026
MinimumVisualStudioVersion = 10.0.40219.1
Project("{FAE04EC0-301F-11D3-BF4B-00C04F79EFBC}") = "Online Notepad", "Online Notepad\Online Notepad.csproj", "{C674AB59-8397-427A-94C6-A922141651E8}"
EndProject
Global
	GlobalSection(SolutionConfigurationPlatforms) = preSolution
		Debug|Any CPU = Debug|Any CPU
		Release|Any CPU = Release|Any CPU
	EndGlobalSection
	GlobalSection(ProjectConfigurationPlatforms) = postSolution
		{C674AB59-8397-427A-94C6-A922141651E8}.Debug|Any CPU.ActiveCfg = Debug|Any CPU
		{C674AB59-8397-427A-94C6-A922141651E8}.Debug|Any CPU.Build.0 = Debug|Any CPU
		{C674AB59-8397-427A-94C6-A922141651E8}.Release|Any CPU.ActiveCfg = Release|Any CPU
		{C674AB59-8397-427A-94C6-A922141651E8}.Release|Any CPU.Build.0 = Release|Any CPU
	EndGlobalSection
	GlobalSection(SolutionProperties) = preSolution
		HideSolutionNode = FALSE
	EndGlobalSection
	GlobalSection(ExtensibilityGlobals) = postSolution
		SolutionGuid = {0225BDE5-E438-4079-94F8-3950F4F261FE}
	EndGlobalSection
EndGlobal
